
Microsoft Visual Studio Solution File, Format Version 12.00
# Visual Studio Version 16
VisualStudioVersion = 16.0.33130.400
MinimumVisualStudioVersion = 10.0.40219.1
Project("{FAE04EC0-301F-11D3-BF4B-00C04F79EFBC}") = "WebApiCoreLecture", "WebApplication1\WebApiCoreLecture.csproj", "{0A607984-9D0E-4F2D-8626-0CD7FA2B8311}"
EndProject
Global
	GlobalSection(SolutionConfigurationPlatforms) = preSolution
		Debug|Any CPU = Debug|Any CPU
		Release|Any CPU = Release|Any CPU
	EndGlobalSection
	GlobalSection(ProjectConfigurationPlatforms) = postSolution
		{0A607984-9D0E-4F2D-8626-0CD7FA2B8311}.Debug|Any CPU.ActiveCfg = Debug|Any CPU
		{0A607984-9D0E-4F2D-8626-0CD7FA2B8311}.Debug|Any CPU.Build.0 = Debug|Any CPU
		{0A607984-9D0E-4F2D-8626-0CD7FA2B8311}.Release|Any CPU.ActiveCfg = Release|Any CPU
		{0A607984-9D0E-4F2D-8626-0CD7FA2B8311}.Release|Any CPU.Build.0 = Release|Any CPU
	EndGlobalSection
	GlobalSection(SolutionProperties) = preSolution
		HideSolutionNode = FALSE
	EndGlobalSection
	GlobalSection(ExtensibilityGlobals) = postSolution
		SolutionGuid = {ABBC5C21-15BD-4995-BF3C-7F6E4432A458}
	EndGlobalSection
EndGlobal
